# THIS IS AN AUTOGENERATED FILE. DO NOT EDIT THIS FILE DIRECTLY.
# yarn lockfile v1


boron@^0.2.3:
  version "0.2.3"
  resolved "https://registry.yarnpkg.com/boron/-/boron-0.2.3.tgz#63a1800771c0cb2b0d8f616687c62c1248cfb8a0"
  dependencies:
    domkit "^0.0.1"

domkit@^0.0.1:
  version "0.0.1"
  resolved "https://registry.yarnpkg.com/domkit/-/domkit-0.0.1.tgz#88399d586794efc1154fec6c22cfe50f19bd4dbb"
